// !$*UTF8*$!
{
	archiveVersion = 1;
	classes = {
	};
	objectVersion = 56;
	objects = {

/* Begin PBXBuildFile section */
		72D95BA92A0AD24F0053A9A0 /* CustomPhotoPickerApp.swift in Sources */ = {isa = PBXBuildFile; fileRef = 72D95BA82A0AD24F0053A9A0 /* CustomPhotoPickerApp.swift */; };
		72D95BAB2A0AD24F0053A9A0 /* CustomPhotoPicker.swift in Sources */ = {isa = PBXBuildFile; fileRef = 72D95BAA2A0AD24F0053A9A0 /* CustomPhotoPicker.swift */; };
		72D95BAD2A0AD2500053A9A0 /* Assets.xcassets in Resources */ = {isa = PBXBuildFile; fileRef = 72D95BAC2A0AD2500053A9A0 /* Assets.xcassets */; };
		72D95BB02A0AD2500053A9A0 /* Preview Assets.xcassets in Resources */ = {isa = PBXBuildFile; fileRef = 72D95BAF2A0AD2500053A9A0 /* Preview Assets.xcassets */; };
		72D95BBA2A0AD2500053A9A0 /* CustomPhotoPickerTests.swift in Sources */ = {isa = PBXBuildFile; fileRef = 72D95BB92A0AD2500053A9A0 /* CustomPhotoPickerTests.swift */; };
		72D95BC42A0AD2500053A9A0 /* CustomPhotoPickerUITests.swift in Sources */ = {isa = PBXBuildFile; fileRef = 72D95BC32A0AD2500053A9A0 /* CustomPhotoPickerUITests.swift */; };
		72D95BC62A0AD2500053A9A0 /* CustomPhotoPickerUITestsLaunchTests.swift in Sources */ = {isa = PBXBuildFile; fileRef = 72D95BC52A0AD2500053A9A0 /* CustomPhotoPickerUITestsLaunchTests.swift */; };
/* End PBXBuildFile section */

/* Begin PBXContainerItemProxy section */
		72D95BB62A0AD2500053A9A0 /* PBXContainerItemProxy */ = {
			isa = PBXContainerItemProxy;
			containerPortal = 72D95B9D2A0AD24F0053A9A0 /* Project object */;
			proxyType = 1;
			remoteGlobalIDString = 72D95BA42A0AD24F0053A9A0;
			remoteInfo = CustomPhotoPicker;
		};
		72D95BC02A0AD2500053A9A0 /* PBXContainerItemProxy */ = {
			isa = PBXContainerItemProxy;
			containerPortal = 72D95B9D2A0AD24F0053A9A0 /* Project object */;
			proxyType = 1;
			remoteGlobalIDString = 72D95BA42A0AD24F0053A9A0;
			remoteInfo = CustomPhotoPicker;
		};
/* End PBXContainerItemProxy section */

/* Begin PBXFileReference section */
		72D95BA52A0AD24F0053A9A0 /* CustomPhotoPicker.app */ = {isa = PBXFileReference; explicitFileType = wrapper.application; includeInIndex = 0; path = CustomPhotoPicker.app; sourceTree = BUILT_PRODUCTS_DIR; };
		72D95BA82A0AD24F0053A9A0 /* CustomPhotoPickerApp.swift */ = {isa = PBXFileReference; lastKnownFileType = sourcecode.swift; path = CustomPhotoPickerApp.swift; sourceTree = "<group>"; };
		72D95BAA2A0AD24F0053A9A0 /* CustomPhotoPicker.swift */ = {isa = PBXFileReference; lastKnownFileType = sourcecode.swift; path = CustomPhotoPicker.swift; sourceTree = "<group>"; };
		72D95BAC2A0AD2500053A9A0 /* Assets.xcassets */ = {isa = PBXFileReference; lastKnownFileType = folder.assetcatalog; path = Assets.xcassets; sourceTree = "<group>"; };
		72D95BAF2A0AD2500053A9A0 /* Preview Assets.xcassets */ = {isa = PBXFileReference; lastKnownFileType = folder.assetcatalog; path = "Preview Assets.xcassets"; sourceTree = "<group>"; };
		72D95BB52A0AD2500053A9A0 /* CustomPhotoPickerTests.xctest */ = {isa = PBXFileReference; explicitFileType = wrapper.cfbundle; includeInIndex = 0; path = CustomPhotoPickerTests.xctest; sourceTree = BUILT_PRODUCTS_DIR; };
		72D95BB92A0AD2500053A9A0 /* CustomPhotoPickerTests.swift */ = {isa = PBXFileReference; lastKnownFileType = sourcecode.swift; path = CustomPhotoPickerTests.swift; sourceTree = "<group>"; };
		72D95BBF2A0AD2500053A9A0 /* CustomPhotoPickerUITests.xctest */ = {isa = PBXFileReference; explicitFileType = wrapper.cfbundle; includeInIndex = 0; path = CustomPhotoPickerUITests.xctest; sourceTree = BUILT_PRODUCTS_DIR; };
		72D95BC32A0AD2500053A9A0 /* CustomPhotoPickerUITests.swift */ = {isa = PBXFileReference; lastKnownFileType = sourcecode.swift; path = CustomPhotoPickerUITests.swift; sourceTree = "<group>"; };
		72D95BC52A0AD2500053A9A0 /* CustomPhotoPickerUITestsLaunchTests.swift */ = {isa = PBXFileReference; lastKnownFileType = sourcecode.swift; path = CustomPhotoPickerUITestsLaunchTests.swift; sourceTree = "<group>"; };
/* End PBXFileReference section */

/* Begin PBXFrameworksBuildPhase section */
		72D95BA22A0AD24F0053A9A0 /* Frameworks */ = {
			isa = PBXFrameworksBuildPhase;
			buildActionMask = 2147483647;
			files = (
			);
			runOnlyForDeploymentPostprocessing = 0;
		};
		72D95BB22A0AD2500053A9A0 /* Frameworks */ = {
			isa = PBXFrameworksBuildPhase;
			buildActionMask = 2147483647;
			files = (
			);
			runOnlyForDeploymentPostprocessing = 0;
		};
		72D95BBC2A0AD2500053A9A0 /* Frameworks */ = {
			isa = PBXFrameworksBuildPhase;
			buildActionMask = 2147483647;
			files = (
			);
			runOnlyForDeploymentPostprocessing = 0;
		};
/* End PBXFrameworksBuildPhase section */

/* Begin PBXGroup section */
		72D95B9C2A0AD24F0053A9A0 = {
			isa = PBXGroup;
			children = (
				72D95BA72A0AD24F0053A9A0 /* CustomPhotoPicker */,
				72D95BB82A0AD2500053A9A0 /* CustomPhotoPickerTests */,
				72D95BC22A0AD2500053A9A0 /* CustomPhotoPickerUITests */,
				72D95BA62A0AD24F0053A9A0 /* Products */,
			);
			sourceTree = "<group>";
		};
		72D95BA62A0AD24F0053A9A0 /* Products */ = {
			isa = PBXGroup;
			children = (
				72D95BA52A0AD24F0053A9A0 /* CustomPhotoPicker.app */,
				72D95BB52A0AD2500053A9A0 /* CustomPhotoPickerTests.xctest */,
				72D95BBF2A0AD2500053A9A0 /* CustomPhotoPickerUITests.xctest */,
			);
			name = Products;
			sourceTree = "<group>";
		};
		72D95BA72A0AD24F0053A9A0 /* CustomPhotoPicker */ = {
			isa = PBXGroup;
			children = (
				72D95BA82A0AD24F0053A9A0 /* CustomPhotoPickerApp.swift */,
				72D95BAA2A0AD24F0053A9A0 /* CustomPhotoPicker.swift */,
				72D95BAC2A0AD2500053A9A0 /* Assets.xcassets */,
				72D95BAE2A0AD2500053A9A0 /* Preview Content */,
			);
			path = CustomPhotoPicker;
			sourceTree = "<group>";
		};
		72D95BAE2A0AD2500053A9A0 /* Preview Content */ = {
			isa = PBXGroup;
			children = (
				72D95BAF2A0AD2500053A9A0 /* Preview Assets.xcassets */,
			);
			path = "Preview Content";
			sourceTree = "<group>";
		};
		72D95BB82A0AD2500053A9A0 /* CustomPhotoPickerTests */ = {
			isa = PBXGroup;
			children = (
				72D95BB92A0AD2500053A9A0 /* CustomPhotoPickerTests.swift */,
			);
			path = CustomPhotoPickerTests;
			sourceTree = "<group>";
		};
		72D95BC22A0AD2500053A9A0 /* CustomPhotoPickerUITests */ = {
			isa = PBXGroup;
			children = (
				72D95BC32A0AD2500053A9A0 /* CustomPhotoPickerUITests.swift */,
				72D95BC52A0AD2500053A9A0 /* CustomPhotoPickerUITestsLaunchTests.swift */,
			);
			path = CustomPhotoPickerUITests;
			sourceTree = "<group>";
		};
/* End PBXGroup section */

/* Begin PBXNativeTarget section */
		72D95BA42A0AD24F0053A9A0 /* CustomPhotoPicker */ = {
			isa = PBXNativeTarget;
			buildConfigurationList = 72D95BC92A0AD2500053A9A0 /* Build configuration list for PBXNativeTarget "CustomPhotoPicker" */;
			buildPhases = (
				72D95BA12A0AD24F0053A9A0 /* Sources */,
				72D95BA22A0AD24F0053A9A0 /* Frameworks */,
				72D95BA32A0AD24F0053A9A0 /* Resources */,
			);
			buildRules = (
			);
			dependencies = (
			);
			name = CustomPhotoPicker;
			productName = CustomPhotoPicker;
			productReference = 72D95BA52A0AD24F0053A9A0 /* CustomPhotoPicker.app */;
			productType = "com.apple.product-type.application";
		};
		72D95BB42A0AD2500053A9A0 /* CustomPhotoPickerTests */ = {
			isa = PBXNativeTarget;
			buildConfigurationList = 72D95BCC2A0AD2500053A9A0 /* Build configuration list for PBXNativeTarget "CustomPhotoPickerTests" */;
			buildPhases = (
				72D95BB12A0AD2500053A9A0 /* Sources */,
				72D95BB22A0AD2500053A9A0 /* Frameworks */,
				72D95BB32A0AD2500053A9A0 /* Resources */,
			);
			buildRules = (
			);
			dependencies = (
				72D95BB72A0AD2500053A9A0 /* PBXTargetDependency */,
			);
			name = CustomPhotoPickerTests;
			productName = CustomPhotoPickerTests;
			productReference = 72D95BB52A0AD2500053A9A0 /* CustomPhotoPickerTests.xctest */;
			productType = "com.apple.product-type.bundle.unit-test";
		};
		72D95BBE2A0AD2500053A9A0 /* CustomPhotoPickerUITests */ = {
			isa = PBXNativeTarget;
			buildConfigurationList = 72D95BCF2A0AD2500053A9A0 /* Build configuration list for PBXNativeTarget "CustomPhotoPickerUITests" */;
			buildPhases = (
				72D95BBB2A0AD2500053A9A0 /* Sources */,
				72D95BBC2A0AD2500053A9A0 /* Frameworks */,
				72D95BBD2A0AD2500053A9A0 /* Resources */,
			);
			buildRules = (
			);
			dependencies = (
				72D95BC12A0AD2500053A9A0 /* PBXTargetDependency */,
			);
			name = CustomPhotoPickerUITests;
			productName = CustomPhotoPickerUITests;
			productReference = 72D95BBF2A0AD2500053A9A0 /* CustomPhotoPickerUITests.xctest */;
			productType = "com.apple.product-type.bundle.ui-testing";
		};
/* End PBXNativeTarget section */

/* Begin PBXProject section */
		72D95B9D2A0AD24F0053A9A0 /* Project object */ = {
			isa = PBXProject;
			attributes = {
				BuildIndependentTargetsInParallel = 1;
				LastSwiftUpdateCheck = 1430;
				LastUpgradeCheck = 1430;
				TargetAttributes = {
					72D95BA42A0AD24F0053A9A0 = {
						CreatedOnToolsVersion = 14.3;
					};
					72D95BB42A0AD2500053A9A0 = {
						CreatedOnToolsVersion = 14.3;
						TestTargetID = 72D95BA42A0AD24F0053A9A0;
					};
					72D95BBE2A0AD2500053A9A0 = {
						CreatedOnToolsVersion = 14.3;
						TestTargetID = 72D95BA42A0AD24F0053A9A0;
					};
				};
			};
			buildConfigurationList = 72D95BA02A0AD24F0053A9A0 /* Build configuration list for PBXProject "CustomPhotoPicker" */;
			compatibilityVersion = "Xcode 14.0";
			developmentRegion = en;
			hasScannedForEncodings = 0;
			knownRegions = (
				en,
				Base,
			);
			mainGroup = 72D95B9C2A0AD24F0053A9A0;
			productRefGroup = 72D95BA62A0AD24F0053A9A0 /* Products */;
			projectDirPath = "";
			projectRoot = "";
			targets = (
				72D95BA42A0AD24F0053A9A0 /* CustomPhotoPicker */,
				72D95BB42A0AD2500053A9A0 /* CustomPhotoPickerTests */,
				72D95BBE2A0AD2500053A9A0 /* CustomPhotoPickerUITests */,
			);
		};
/* End PBXProject section */

/* Begin PBXResourcesBuildPhase section */
		72D95BA32A0AD24F0053A9A0 /* Resources */ = {
			isa = PBXResourcesBuildPhase;
			buildActionMask = 2147483647;
			files = (
				72D95BB02A0AD2500053A9A0 /* Preview Assets.xcassets in Resources */,
				72D95BAD2A0AD2500053A9A0 /* Assets.xcassets in Resources */,
			);
			runOnlyForDeploymentPostprocessing = 0;
		};
		72D95BB32A0AD2500053A9A0 /* Resources */ = {
			isa = PBXResourcesBuildPhase;
			buildActionMask = 2147483647;
			files = (
			);
			runOnlyForDeploymentPostprocessing = 0;
		};
		72D95BBD2A0AD2500053A9A0 /* Resources */ = {
			isa = PBXResourcesBuildPhase;
			buildActionMask = 2147483647;
			files = (
			);
			runOnlyForDeploymentPostprocessing = 0;
		};
/* End PBXResourcesBuildPhase section */

/* Begin PBXSourcesBuildPhase section */
		72D95BA12A0AD24F0053A9A0 /* Sources */ = {
			isa = PBXSourcesBuildPhase;
			buildActionMask = 2147483647;
			files = (
				72D95BAB2A0AD24F0053A9A0 /* CustomPhotoPicker.swift in Sources */,
				72D95BA92A0AD24F0053A9A0 /* CustomPhotoPickerApp.swift in Sources */,
			);
			runOnlyForDeploymentPostprocessing = 0;
		};
		72D95BB12A0AD2500053A9A0 /* Sources */ = {
			isa = PBXSourcesBuildPhase;
			buildActionMask = 2147483647;
			files = (
				72D95BBA2A0AD2500053A9A0 /* CustomPhotoPickerTests.swift in Sources */,
			);
			runOnlyForDeploymentPostprocessing = 0;
		};
		72D95BBB2A0AD2500053A9A0 /* Sources */ = {
			isa = PBXSourcesBuildPhase;
			buildActionMask = 2147483647;
			files = (
				72D95BC62A0AD2500053A9A0 /* CustomPhotoPickerUITestsLaunchTests.swift in Sources */,
				72D95BC42A0AD2500053A9A0 /* CustomPhotoPickerUITests.swift in Sources */,
			);
			runOnlyForDeploymentPostprocessing = 0;
		};
/* End PBXSourcesBuildPhase section */

/* Begin PBXTargetDependency section */
		72D95BB72A0AD2500053A9A0 /* PBXTargetDependency */ = {
			isa = PBXTargetDependency;
			target = 72D95BA42A0AD24F0053A9A0 /* CustomPhotoPicker */;
			targetProxy = 72D95BB62A0AD2500053A9A0 /* PBXContainerItemProxy */;
		};
		72D95BC12A0AD2500053A9A0 /* PBXTargetDependency */ = {
			isa = PBXTargetDependency;
			target = 72D95BA42A0AD24F0053A9A0 /* CustomPhotoPicker */;
			targetProxy = 72D95BC02A0AD2500053A9A0 /* PBXContainerItemProxy */;
		};
/* End PBXTargetDependency section */

/* Begin XCBuildConfiguration section */
		72D95BC72A0AD2500053A9A0 /* Debug */ = {
			isa = XCBuildConfiguration;
			buildSettings = {
				ALWAYS_SEARCH_USER_PATHS = NO;
				CLANG_ANALYZER_NONNULL = YES;
				CLANG_ANALYZER_NUMBER_OBJECT_CONVERSION = YES_AGGRESSIVE;
				CLANG_CXX_LANGUAGE_STANDARD = "gnu++20";
				CLANG_ENABLE_MODULES = YES;
				CLANG_ENABLE_OBJC_ARC = YES;
				CLANG_ENABLE_OBJC_WEAK = YES;
				CLANG_WARN_BLOCK_CAPTURE_AUTORELEASING = YES;
				CLANG_WARN_BOOL_CONVERSION = YES;
				CLANG_WARN_COMMA = YES;
				CLANG_WARN_CONSTANT_CONVERSION = YES;
				CLANG_WARN_DEPRECATED_OBJC_IMPLEMENTATIONS = YES;
				CLANG_WARN_DIRECT_OBJC_ISA_USAGE = YES_ERROR;
				CLANG_WARN_DOCUMENTATION_COMMENTS = YES;
				CLANG_WARN_EMPTY_BODY = YES;
				CLANG_WARN_ENUM_CONVERSION = YES;
				CLANG_WARN_INFINITE_RECURSION = YES;
				CLANG_WARN_INT_CONVERSION = YES;
				CLANG_WARN_NON_LITERAL_NULL_CONVERSION = YES;
				CLANG_WARN_OBJC_IMPLICIT_RETAIN_SELF = YES;
				CLANG_WARN_OBJC_LITERAL_CONVERSION = YES;
				CLANG_WARN_OBJC_ROOT_CLASS = YES_ERROR;
				CLANG_WARN_QUOTED_INCLUDE_IN_FRAMEWORK_HEADER = YES;
				CLANG_WARN_RANGE_LOOP_ANALYSIS = YES;
				CLANG_WARN_STRICT_PROTOTYPES = YES;
				CLANG_WARN_SUSPICIOUS_MOVE = YES;
				CLANG_WARN_UNGUARDED_AVAILABILITY = YES_AGGRESSIVE;
				CLANG_WARN_UNREACHABLE_CODE = YES;
				CLANG_WARN__DUPLICATE_METHOD_MATCH = YES;
				COPY_PHASE_STRIP = NO;
				DEBUG_INFORMATION_FORMAT = dwarf;
				ENABLE_STRICT_OBJC_MSGSEND = YES;
				ENABLE_TESTABILITY = YES;
				GCC_C_LANGUAGE_STANDARD = gnu11;
				GCC_DYNAMIC_NO_PIC = NO;
				GCC_NO_COMMON_BLOCKS = YES;
				GCC_OPTIMIZATION_LEVEL = 0;
				GCC_PREPROCESSOR_DEFINITIONS = (
					"DEBUG=1",
					"$(inherited)",
				);
				GCC_WARN_64_TO_32_BIT_CONVERSION = YES;
				GCC_WARN_ABOUT_RETURN_TYPE = YES_ERROR;
				GCC_WARN_UNDECLARED_SELECTOR = YES;
				GCC_WARN_UNINITIALIZED_AUTOS = YES_AGGRESSIVE;
				GCC_WARN_UNUSED_FUNCTION = YES;
				GCC_WARN_UNUSED_VARIABLE = YES;
				IPHONEOS_DEPLOYMENT_TARGET = 16.4;
				MTL_ENABLE_DEBUG_INFO = INCLUDE_SOURCE;
				MTL_FAST_MATH = YES;
				ONLY_ACTIVE_ARCH = YES;
				SDKROOT = iphoneos;
				SWIFT_ACTIVE_COMPILATION_CONDITIONS = DEBUG;
				SWIFT_OPTIMIZATION_LEVEL = "-Onone";
			};
			name = Debug;
		};
		72D95BC82A0AD2500053A9A0 /* Release */ = {
			isa = XCBuildConfiguration;
			buildSettings = {
				ALWAYS_SEARCH_USER_PATHS = NO;
				CLANG_ANALYZER_NONNULL = YES;
				CLANG_ANALYZER_NUMBER_OBJECT_CONVERSION = YES_AGGRESSIVE;
				CLANG_CXX_LANGUAGE_STANDARD = "gnu++20";
				CLANG_ENABLE_MODULES = YES;
				CLANG_ENABLE_OBJC_ARC = YES;
				CLANG_ENABLE_OBJC_WEAK = YES;
				CLANG_WARN_BLOCK_CAPTURE_AUTORELEASING = YES;
				CLANG_WARN_BOOL_CONVERSION = YES;
				CLANG_WARN_COMMA = YES;
				CLANG_WARN_CONSTANT_CONVERSION = YES;
				CLANG_WARN_DEPRECATED_OBJC_IMPLEMENTATIONS = YES;
				CLANG_WARN_DIRECT_OBJC_ISA_USAGE = YES_ERROR;
				CLANG_WARN_DOCUMENTATION_COMMENTS = YES;
				CLANG_WARN_EMPTY_BODY = YES;
				CLANG_WARN_ENUM_CONVERSION = YES;
				CLANG_WARN_INFINITE_RECURSION = YES;
				CLANG_WARN_INT_CONVERSION = YES;
				CLANG_WARN_NON_LITERAL_NULL_CONVERSION = YES;
				CLANG_WARN_OBJC_IMPLICIT_RETAIN_SELF = YES;
				CLANG_WARN_OBJC_LITERAL_CONVERSION = YES;
				CLANG_WARN_OBJC_ROOT_CLASS = YES_ERROR;
				CLANG_WARN_QUOTED_INCLUDE_IN_FRAMEWORK_HEADER = YES;
				CLANG_WARN_RANGE_LOOP_ANALYSIS = YES;
				CLANG_WARN_STRICT_PROTOTYPES = YES;
				CLANG_WARN_SUSPICIOUS_MOVE = YES;
				CLANG_WARN_UNGUARDED_AVAILABILITY = YES_AGGRESSIVE;
				CLANG_WARN_UNREACHABLE_CODE = YES;
				CLANG_WARN__DUPLICATE_METHOD_MATCH = YES;
				COPY_PHASE_STRIP = NO;
				DEBUG_INFORMATION_FORMAT = "dwarf-with-dsym";
				ENABLE_NS_ASSERTIONS = NO;
				ENABLE_STRICT_OBJC_MSGSEND = YES;
				GCC_C_LANGUAGE_STANDARD = gnu11;
				GCC_NO_COMMON_BLOCKS = YES;
				GCC_WARN_64_TO_32_BIT_CONVERSION = YES;
				GCC_WARN_ABOUT_RETURN_TYPE = YES_ERROR;
				GCC_WARN_UNDECLARED_SELECTOR = YES;
				GCC_WARN_UNINITIALIZED_AUTOS = YES_AGGRESSIVE;
				GCC_WARN_UNUSED_FUNCTION = YES;
				GCC_WARN_UNUSED_VARIABLE = YES;
				IPHONEOS_DEPLOYMENT_TARGET = 16.4;
				MTL_ENABLE_DEBUG_INFO = NO;
				MTL_FAST_MATH = YES;
				SDKROOT = iphoneos;
				SWIFT_COMPILATION_MODE = wholemodule;
				SWIFT_OPTIMIZATION_LEVEL = "-O";
				VALIDATE_PRODUCT = YES;
			};
			name = Release;
		};
		72D95BCA2A0AD2500053A9A0 /* Debug */ = {
			isa = XCBuildConfiguration;
			buildSettings = {
				ASSETCATALOG_COMPILER_APPICON_NAME = AppIcon;
				ASSETCATALOG_COMPILER_GLOBAL_ACCENT_COLOR_NAME = AccentColor;
				CODE_SIGN_STYLE = Automatic;
				CURRENT_PROJECT_VERSION = 1;
				DEVELOPMENT_ASSET_PATHS = "\"CustomPhotoPicker/Preview Content\"";
				DEVELOPMENT_TEAM = C4R639S8VW;
				ENABLE_PREVIEWS = YES;
				GENERATE_INFOPLIST_FILE = YES;
				INFOPLIST_KEY_UIApplicationSceneManifest_Generation = YES;
				INFOPLIST_KEY_UIApplicationSupportsIndirectInputEvents = YES;
				INFOPLIST_KEY_UILaunchScreen_Generation = YES;
				INFOPLIST_KEY_UISupportedInterfaceOrientations_iPad = "UIInterfaceOrientationPortrait UIInterfaceOrientationPortraitUpsideDown UIInterfaceOrientationLandscapeLeft UIInterfaceOrientationLandscapeRight";
				INFOPLIST_KEY_UISupportedInterfaceOrientations_iPhone = "UIInterfaceOrientationPortrait UIInterfaceOrientationLandscapeLeft UIInterfaceOrientationLandscapeRight";
				LD_RUNPATH_SEARCH_PATHS = (
					"$(inherited)",
					"@executable_path/Frameworks",
				);
				MARKETING_VERSION = 1.0;
				PRODUCT_BUNDLE_IDENTIFIER = arjundoel.CustomPhotoPicker;
				PRODUCT_NAME = "$(TARGET_NAME)";
				SWIFT_EMIT_LOC_STRINGS = YES;
				SWIFT_VERSION = 5.0;
				TARGETED_DEVICE_FAMILY = "1,2";
			};
			name = Debug;
		};
		72D95BCB2A0AD2500053A9A0 /* Release */ = {
			isa = XCBuildConfiguration;
			buildSettings = {
				ASSETCATALOG_COMPILER_APPICON_NAME = AppIcon;
				ASSETCATALOG_COMPILER_GLOBAL_ACCENT_COLOR_NAME = AccentColor;
				CODE_SIGN_STYLE = Automatic;
				CURRENT_PROJECT_VERSION = 1;
				DEVELOPMENT_ASSET_PATHS = "\"CustomPhotoPicker/Preview Content\"";
				DEVELOPMENT_TEAM = C4R639S8VW;
				ENABLE_PREVIEWS = YES;
				GENERATE_INFOPLIST_FILE = YES;
				INFOPLIST_KEY_UIApplicationSceneManifest_Generation = YES;
				INFOPLIST_KEY_UIApplicationSupportsIndirectInputEvents = YES;
				INFOPLIST_KEY_UILaunchScreen_Generation = YES;
				INFOPLIST_KEY_UISupportedInterfaceOrientations_iPad = "UIInterfaceOrientationPortrait UIInterfaceOrientationPortraitUpsideDown UIInterfaceOrientationLandscapeLeft UIInterfaceOrientationLandscapeRight";
				INFOPLIST_KEY_UISupportedInterfaceOrientations_iPhone = "UIInterfaceOrientationPortrait UIInterfaceOrientationLandscapeLeft UIInterfaceOrientationLandscapeRight";
				LD_RUNPATH_SEARCH_PATHS = (
					"$(inherited)",
					"@executable_path/Frameworks",
				);
				MARKETING_VERSION = 1.0;
				PRODUCT_BUNDLE_IDENTIFIER = arjundoel.CustomPhotoPicker;
				PRODUCT_NAME = "$(TARGET_NAME)";
				SWIFT_EMIT_LOC_STRINGS = YES;
				SWIFT_VERSION = 5.0;
				TARGETED_DEVICE_FAMILY = "1,2";
			};
			name = Release;
		};
		72D95BCD2A0AD2500053A9A0 /* Debug */ = {
			isa = XCBuildConfiguration;
			buildSettings = {
				ALWAYS_EMBED_SWIFT_STANDARD_LIBRARIES = YES;
				BUNDLE_LOADER = "$(TEST_HOST)";
				CODE_SIGN_STYLE = Automatic;
				CURRENT_PROJECT_VERSION = 1;
				DEVELOPMENT_TEAM = C4R639S8VW;
				GENERATE_INFOPLIST_FILE = YES;
				IPHONEOS_DEPLOYMENT_TARGET = 16.4;
				MARKETING_VERSION = 1.0;
				PRODUCT_BUNDLE_IDENTIFIER = arjundoel.CustomPhotoPickerTests;
				PRODUCT_NAME = "$(TARGET_NAME)";
				SWIFT_EMIT_LOC_STRINGS = NO;
				SWIFT_VERSION = 5.0;
				TARGETED_DEVICE_FAMILY = "1,2";
				TEST_HOST = "$(BUILT_PRODUCTS_DIR)/CustomPhotoPicker.app/$(BUNDLE_EXECUTABLE_FOLDER_PATH)/CustomPhotoPicker";
			};
			name = Debug;
		};
		72D95BCE2A0AD2500053A9A0 /* Release */ = {
			isa = XCBuildConfiguration;
			buildSettings = {
				ALWAYS_EMBED_SWIFT_STANDARD_LIBRARIES = YES;
				BUNDLE_LOADER = "$(TEST_HOST)";
				CODE_SIGN_STYLE = Automatic;
				CURRENT_PROJECT_VERSION = 1;
				DEVELOPMENT_TEAM = C4R639S8VW;
				GENERATE_INFOPLIST_FILE = YES;
				IPHONEOS_DEPLOYMENT_TARGET = 16.4;
				MARKETING_VERSION = 1.0;
				PRODUCT_BUNDLE_IDENTIFIER = arjundoel.CustomPhotoPickerTests;
				PRODUCT_NAME = "$(TARGET_NAME)";
				SWIFT_EMIT_LOC_STRINGS = NO;
				SWIFT_VERSION = 5.0;
				TARGETED_DEVICE_FAMILY = "1,2";
				TEST_HOST = "$(BUILT_PRODUCTS_DIR)/CustomPhotoPicker.app/$(BUNDLE_EXECUTABLE_FOLDER_PATH)/CustomPhotoPicker";
			};
			name = Release;
		};
		72D95BD02A0AD2500053A9A0 /* Debug */ = {
			isa = XCBuildConfiguration;
			buildSettings = {
				ALWAYS_EMBED_SWIFT_STANDARD_LIBRARIES = YES;
				CODE_SIGN_STYLE = Automatic;
				CURRENT_PROJECT_VERSION = 1;
				DEVELOPMENT_TEAM = C4R639S8VW;
				GENERATE_INFOPLIST_FILE = YES;
				MARKETING_VERSION = 1.0;
				PRODUCT_BUNDLE_IDENTIFIER = arjundoel.CustomPhotoPickerUITests;
				PRODUCT_NAME = "$(TARGET_NAME)";
				SWIFT_EMIT_LOC_STRINGS = NO;
				SWIFT_VERSION = 5.0;
				TARGETED_DEVICE_FAMILY = "1,2";
				TEST_TARGET_NAME = CustomPhotoPicker;
			};
			name = Debug;
		};
		72D95BD12A0AD2500053A9A0 /* Release */ = {
			isa = XCBuildConfiguration;
			buildSettings = {
				ALWAYS_EMBED_SWIFT_STANDARD_LIBRARIES = YES;
				CODE_SIGN_STYLE = Automatic;
				CURRENT_PROJECT_VERSION = 1;
				DEVELOPMENT_TEAM = C4R639S8VW;
				GENERATE_INFOPLIST_FILE = YES;
				MARKETING_VERSION = 1.0;
				PRODUCT_BUNDLE_IDENTIFIER = arjundoel.CustomPhotoPickerUITests;
				PRODUCT_NAME = "$(TARGET_NAME)";
				SWIFT_EMIT_LOC_STRINGS = NO;
				SWIFT_VERSION = 5.0;
				TARGETED_DEVICE_FAMILY = "1,2";
				TEST_TARGET_NAME = CustomPhotoPicker;
			};
			name = Release;
		};
/* End XCBuildConfiguration section */

/* Begin XCConfigurationList section */
		72D95BA02A0AD24F0053A9A0 /* Build configuration list for PBXProject "CustomPhotoPicker" */ = {
			isa = XCConfigurationList;
			buildConfigurations = (
				72D95BC72A0AD2500053A9A0 /* Debug */,
				72D95BC82A0AD2500053A9A0 /* Release */,
			);
			defaultConfigurationIsVisible = 0;
			defaultConfigurationName = Release;
		};
		72D95BC92A0AD2500053A9A0 /* Build configuration list for PBXNativeTarget "CustomPhotoPicker" */ = {
			isa = XCConfigurationList;
			buildConfigurations = (
				72D95BCA2A0AD2500053A9A0 /* Debug */,
				72D95BCB2A0AD2500053A9A0 /* Release */,
			);
			defaultConfigurationIsVisible = 0;
			defaultConfigurationName = Release;
		};
		72D95BCC2A0AD2500053A9A0 /* Build configuration list for PBXNativeTarget "CustomPhotoPickerTests" */ = {
			isa = XCConfigurationList;
			buildConfigurations = (
				72D95BCD2A0AD2500053A9A0 /* Debug */,
				72D95BCE2A0AD2500053A9A0 /* Release */,
			);
			defaultConfigurationIsVisible = 0;
			defaultConfigurationName = Release;
		};
		72D95BCF2A0AD2500053A9A0 /* Build configuration list for PBXNativeTarget "CustomPhotoPickerUITests" */ = {
			isa = XCConfigurationList;
			buildConfigurations = (
				72D95BD02A0AD2500053A9A0 /* Debug */,
				72D95BD12A0AD2500053A9A0 /* Release */,
			);
			defaultConfigurationIsVisible = 0;
			defaultConfigurationName = Release;
		};
/* End XCConfigurationList section */
	};
	rootObject = 72D95B9D2A0AD24F0053A9A0 /* Project object */;
}
